
Microsoft Visual Studio Solution File, Format Version 12.00
# Visual Studio Version 17
VisualStudioVersion = 17.5.33530.505
MinimumVisualStudioVersion = 10.0.40219.1
Project("{FAE04EC0-301F-11D3-BF4B-00C04F79EFBC}") = "StatischerKonstruktorTest", "StatischerKonstruktorTest\StatischerKonstruktorTest.csproj", "{7CB38E3A-7075-452C-A539-0948D8C06174}"
EndProject
Global
	GlobalSection(SolutionConfigurationPlatforms) = preSolution
		Debug|Any CPU = Debug|Any CPU
		Release|Any CPU = Release|Any CPU
	EndGlobalSection
	GlobalSection(ProjectConfigurationPlatforms) = postSolution
		{7CB38E3A-7075-452C-A539-0948D8C06174}.Debug|Any CPU.ActiveCfg = Debug|Any CPU
		{7CB38E3A-7075-452C-A539-0948D8C06174}.Debug|Any CPU.Build.0 = Debug|Any CPU
		{7CB38E3A-7075-452C-A539-0948D8C06174}.Release|Any CPU.ActiveCfg = Release|Any CPU
		{7CB38E3A-7075-452C-A539-0948D8C06174}.Release|Any CPU.Build.0 = Release|Any CPU
	EndGlobalSection
	GlobalSection(SolutionProperties) = preSolution
		HideSolutionNode = FALSE
	EndGlobalSection
	GlobalSection(ExtensibilityGlobals) = postSolution
		SolutionGuid = {F932738A-86BE-465F-8934-B57351F8AD62}
	EndGlobalSection
EndGlobal
